
Microsoft Visual Studio Solution File, Format Version 12.00
# Visual Studio Version 17
VisualStudioVersion = 17.7.34202.233
MinimumVisualStudioVersion = 10.0.40219.1
Project("{FAE04EC0-301F-11D3-BF4B-00C04F79EFBC}") = "JokeApi", "JokeApi\JokeApi.csproj", "{40EE2F1D-188A-45A2-821E-EAF2C95FB31A}"
EndProject
Project("{00D1A9C2-B5F0-4AF3-8072-F6C62B433612}") = "JokesDb", "..\..\Db\JokesDb\JokesDb.sqlproj", "{886385AD-BDE1-4F7B-8AC0-015CD86A70CC}"
EndProject
Global
	GlobalSection(SolutionConfigurationPlatforms) = preSolution
		Debug|Any CPU = Debug|Any CPU
		Release|Any CPU = Release|Any CPU
	EndGlobalSection
	GlobalSection(ProjectConfigurationPlatforms) = postSolution
		{40EE2F1D-188A-45A2-821E-EAF2C95FB31A}.Debug|Any CPU.ActiveCfg = Debug|Any CPU
		{40EE2F1D-188A-45A2-821E-EAF2C95FB31A}.Debug|Any CPU.Build.0 = Debug|Any CPU
		{40EE2F1D-188A-45A2-821E-EAF2C95FB31A}.Release|Any CPU.ActiveCfg = Release|Any CPU
		{40EE2F1D-188A-45A2-821E-EAF2C95FB31A}.Release|Any CPU.Build.0 = Release|Any CPU
		{886385AD-BDE1-4F7B-8AC0-015CD86A70CC}.Debug|Any CPU.ActiveCfg = Debug|Any CPU
		{886385AD-BDE1-4F7B-8AC0-015CD86A70CC}.Debug|Any CPU.Build.0 = Debug|Any CPU
		{886385AD-BDE1-4F7B-8AC0-015CD86A70CC}.Debug|Any CPU.Deploy.0 = Debug|Any CPU
		{886385AD-BDE1-4F7B-8AC0-015CD86A70CC}.Release|Any CPU.ActiveCfg = Release|Any CPU
		{886385AD-BDE1-4F7B-8AC0-015CD86A70CC}.Release|Any CPU.Build.0 = Release|Any CPU
		{886385AD-BDE1-4F7B-8AC0-015CD86A70CC}.Release|Any CPU.Deploy.0 = Release|Any CPU
	EndGlobalSection
	GlobalSection(SolutionProperties) = preSolution
		HideSolutionNode = FALSE
	EndGlobalSection
	GlobalSection(ExtensibilityGlobals) = postSolution
		SolutionGuid = {9E339BC0-3D3A-4B07-8B2F-1C2F093B475E}
	EndGlobalSection
EndGlobal
